// !$*UTF8*$!
{
	archiveVersion = 1;
	classes = {
	};
	objectVersion = 50;
	objects = {

/* Begin PBXBuildFile section */
		CD29A5F325DD94300009D6BE /* JournalList.swift in Sources */ = {isa = PBXBuildFile; fileRef = CD29A5F225DD94300009D6BE /* JournalList.swift */; };
		CD29A5F625DD9F650009D6BE /* AnchorExt.swift in Sources */ = {isa = PBXBuildFile; fileRef = CD29A5F525DD9F650009D6BE /* AnchorExt.swift */; };
		CD33930625A7FD0A00BFB5BF /* AppDelegate.swift in Sources */ = {isa = PBXBuildFile; fileRef = CD33930525A7FD0A00BFB5BF /* AppDelegate.swift */; };
		CD33930825A7FD0A00BFB5BF /* SceneDelegate.swift in Sources */ = {isa = PBXBuildFile; fileRef = CD33930725A7FD0A00BFB5BF /* SceneDelegate.swift */; };
		CD33930A25A7FD0A00BFB5BF /* NewsViewController.swift in Sources */ = {isa = PBXBuildFile; fileRef = CD33930925A7FD0A00BFB5BF /* NewsViewController.swift */; };
		CD33930D25A7FD0A00BFB5BF /* Main.storyboard in Resources */ = {isa = PBXBuildFile; fileRef = CD33930B25A7FD0A00BFB5BF /* Main.storyboard */; };
		CD33930F25A7FD0F00BFB5BF /* Assets.xcassets in Resources */ = {isa = PBXBuildFile; fileRef = CD33930E25A7FD0F00BFB5BF /* Assets.xcassets */; };
		CD33931225A7FD0F00BFB5BF /* LaunchScreen.storyboard in Resources */ = {isa = PBXBuildFile; fileRef = CD33931025A7FD0F00BFB5BF /* LaunchScreen.storyboard */; };
		CD33931E25A8E8B700BFB5BF /* Articles.swift in Sources */ = {isa = PBXBuildFile; fileRef = CD33931D25A8E8B600BFB5BF /* Articles.swift */; };
		CD33932125A8E93D00BFB5BF /* NetworkProperties.swift in Sources */ = {isa = PBXBuildFile; fileRef = CD33932025A8E93D00BFB5BF /* NetworkProperties.swift */; };
		CD33932525A9018500BFB5BF /* NewsNetworkManager.swift in Sources */ = {isa = PBXBuildFile; fileRef = CD33932425A9018500BFB5BF /* NewsNetworkManager.swift */; };
		CD33932B25A9575B00BFB5BF /* NewsViewModel.swift in Sources */ = {isa = PBXBuildFile; fileRef = CD33932A25A9575A00BFB5BF /* NewsViewModel.swift */; };
		CD33932E25A95C0C00BFB5BF /* ArticlesViewModel.swift in Sources */ = {isa = PBXBuildFile; fileRef = CD33932D25A95C0C00BFB5BF /* ArticlesViewModel.swift */; };
		CD33933625A9665100BFB5BF /* ShadowImageView.swift in Sources */ = {isa = PBXBuildFile; fileRef = CD33933525A9665100BFB5BF /* ShadowImageView.swift */; };
		CD33933A25A97CA000BFB5BF /* HeaderView.swift in Sources */ = {isa = PBXBuildFile; fileRef = CD33933925A97CA000BFB5BF /* HeaderView.swift */; };
		CD33933D25A9844200BFB5BF /* NewsTableViewCell.swift in Sources */ = {isa = PBXBuildFile; fileRef = CD33933C25A9844200BFB5BF /* NewsTableViewCell.swift */; };
		CD33934525A9F8B100BFB5BF /* ColorExtension.swift in Sources */ = {isa = PBXBuildFile; fileRef = CD33934425A9F8B100BFB5BF /* ColorExtension.swift */; };
		CD33934825A9FB0C00BFB5BF /* WeatherNetworkManager.swift in Sources */ = {isa = PBXBuildFile; fileRef = CD33934725A9FB0C00BFB5BF /* WeatherNetworkManager.swift */; };
		CD33934D25A9FB7600BFB5BF /* WeatherModel.swift in Sources */ = {isa = PBXBuildFile; fileRef = CD33934C25A9FB7600BFB5BF /* WeatherModel.swift */; };
		CD33935225AA029500BFB5BF /* WeatherVC.swift in Sources */ = {isa = PBXBuildFile; fileRef = CD33935125AA029500BFB5BF /* WeatherVC.swift */; };
		CD33935525AA033D00BFB5BF /* WeatherViewModel.swift in Sources */ = {isa = PBXBuildFile; fileRef = CD33935425AA033D00BFB5BF /* WeatherViewModel.swift */; };
		CD33935E25AA0F6400BFB5BF /* WeatherView.swift in Sources */ = {isa = PBXBuildFile; fileRef = CD33935D25AA0F6400BFB5BF /* WeatherView.swift */; };
		CD33936625AABF0E00BFB5BF /* Int Ext.swift in Sources */ = {isa = PBXBuildFile; fileRef = CD33936525AABF0E00BFB5BF /* Int Ext.swift */; };
		CD33937725B043D500BFB5BF /* MainTabBarVC.swift in Sources */ = {isa = PBXBuildFile; fileRef = CD33937625B043D500BFB5BF /* MainTabBarVC.swift */; };
		CD33937A25B13E2100BFB5BF /* JournalVC.swift in Sources */ = {isa = PBXBuildFile; fileRef = CD33937925B13E2100BFB5BF /* JournalVC.swift */; };
		CD49DC3925DA0ECA003C2320 /* Journal.xcdatamodeld in Sources */ = {isa = PBXBuildFile; fileRef = CD49DC3725DA0ECA003C2320 /* Journal.xcdatamodeld */; };
		CD9C225325ED8C0D005AF7C0 /* WeatherWebView.swift in Sources */ = {isa = PBXBuildFile; fileRef = CD9C225225ED8C0D005AF7C0 /* WeatherWebView.swift */; };
		CD9C22A725EF154B005AF7C0 /* Item+CoreDataProperties.swift in Sources */ = {isa = PBXBuildFile; fileRef = CD9C22A625EF154B005AF7C0 /* Item+CoreDataProperties.swift */; };
		CDB7744025DB478200FCD1C1 /* Item+CoreDataClass.swift in Sources */ = {isa = PBXBuildFile; fileRef = CDB7743E25DB478200FCD1C1 /* Item+CoreDataClass.swift */; };
		CDB7744A25DC836000FCD1C1 /* Journal.swift in Sources */ = {isa = PBXBuildFile; fileRef = CDB7744925DC836000FCD1C1 /* Journal.swift */; };
		CDBD68F825D8A750001D4C34 /* JournalViewDate.swift in Sources */ = {isa = PBXBuildFile; fileRef = CDBD68F725D8A74F001D4C34 /* JournalViewDate.swift */; };
		CDBD68FE25D8B495001D4C34 /* JournalViewEntry.swift in Sources */ = {isa = PBXBuildFile; fileRef = CDBD68FD25D8B495001D4C34 /* JournalViewEntry.swift */; };
		CDF1AA8E25DC936500CFF700 /* JournalCell.swift in Sources */ = {isa = PBXBuildFile; fileRef = CDF1AA8D25DC936500CFF700 /* JournalCell.swift */; };
/* End PBXBuildFile section */

/* Begin PBXFileReference section */
		CD29A5F225DD94300009D6BE /* JournalList.swift */ = {isa = PBXFileReference; lastKnownFileType = sourcecode.swift; path = JournalList.swift; sourceTree = "<group>"; };
		CD29A5F525DD9F650009D6BE /* AnchorExt.swift */ = {isa = PBXFileReference; lastKnownFileType = sourcecode.swift; path = AnchorExt.swift; sourceTree = "<group>"; };
		CD33930225A7FD0A00BFB5BF /* StyleOfMe.app */ = {isa = PBXFileReference; explicitFileType = wrapper.application; includeInIndex = 0; path = StyleOfMe.app; sourceTree = BUILT_PRODUCTS_DIR; };
		CD33930525A7FD0A00BFB5BF /* AppDelegate.swift */ = {isa = PBXFileReference; lastKnownFileType = sourcecode.swift; path = AppDelegate.swift; sourceTree = "<group>"; };
		CD33930725A7FD0A00BFB5BF /* SceneDelegate.swift */ = {isa = PBXFileReference; lastKnownFileType = sourcecode.swift; path = SceneDelegate.swift; sourceTree = "<group>"; };
		CD33930925A7FD0A00BFB5BF /* NewsViewController.swift */ = {isa = PBXFileReference; lastKnownFileType = sourcecode.swift; path = NewsViewController.swift; sourceTree = "<group>"; };
		CD33930C25A7FD0A00BFB5BF /* Base */ = {isa = PBXFileReference; lastKnownFileType = file.storyboard; name = Base; path = Base.lproj/Main.storyboard; sourceTree = "<group>"; };
		CD33930E25A7FD0F00BFB5BF /* Assets.xcassets */ = {isa = PBXFileReference; lastKnownFileType = folder.assetcatalog; path = Assets.xcassets; sourceTree = "<group>"; };
		CD33931125A7FD0F00BFB5BF /* Base */ = {isa = PBXFileReference; lastKnownFileType = file.storyboard; name = Base; path = Base.lproj/LaunchScreen.storyboard; sourceTree = "<group>"; };
		CD33931325A7FD0F00BFB5BF /* Info.plist */ = {isa = PBXFileReference; lastKnownFileType = text.plist.xml; path = Info.plist; sourceTree = "<group>"; };
		CD33931D25A8E8B600BFB5BF /* Articles.swift */ = {isa = PBXFileReference; lastKnownFileType = sourcecode.swift; path = Articles.swift; sourceTree = "<group>"; };
		CD33932025A8E93D00BFB5BF /* NetworkProperties.swift */ = {isa = PBXFileReference; lastKnownFileType = sourcecode.swift; path = NetworkProperties.swift; sourceTree = "<group>"; };
		CD33932425A9018500BFB5BF /* NewsNetworkManager.swift */ = {isa = PBXFileReference; lastKnownFileType = sourcecode.swift; path = NewsNetworkManager.swift; sourceTree = "<group>"; };
		CD33932A25A9575A00BFB5BF /* NewsViewModel.swift */ = {isa = PBXFileReference; lastKnownFileType = sourcecode.swift; path = NewsViewModel.swift; sourceTree = "<group>"; };
		CD33932D25A95C0C00BFB5BF /* ArticlesViewModel.swift */ = {isa = PBXFileReference; lastKnownFileType = sourcecode.swift; path = ArticlesViewModel.swift; sourceTree = "<group>"; };
		CD33933525A9665100BFB5BF /* ShadowImageView.swift */ = {isa = PBXFileReference; lastKnownFileType = sourcecode.swift; path = ShadowImageView.swift; sourceTree = "<group>"; };
		CD33933925A97CA000BFB5BF /* HeaderView.swift */ = {isa = PBXFileReference; lastKnownFileType = sourcecode.swift; path = HeaderView.swift; sourceTree = "<group>"; };
		CD33933C25A9844200BFB5BF /* NewsTableViewCell.swift */ = {isa = PBXFileReference; lastKnownFileType = sourcecode.swift; path = NewsTableViewCell.swift; sourceTree = "<group>"; };
		CD33934425A9F8B100BFB5BF /* ColorExtension.swift */ = {isa = PBXFileReference; lastKnownFileType = sourcecode.swift; path = ColorExtension.swift; sourceTree = "<group>"; };
		CD33934725A9FB0C00BFB5BF /* WeatherNetworkManager.swift */ = {isa = PBXFileReference; lastKnownFileType = sourcecode.swift; path = WeatherNetworkManager.swift; sourceTree = "<group>"; };
		CD33934C25A9FB7600BFB5BF /* WeatherModel.swift */ = {isa = PBXFileReference; lastKnownFileType = sourcecode.swift; path = WeatherModel.swift; sourceTree = "<group>"; };
		CD33935125AA029500BFB5BF /* WeatherVC.swift */ = {isa = PBXFileReference; lastKnownFileType = sourcecode.swift; path = WeatherVC.swift; sourceTree = "<group>"; };
		CD33935425AA033D00BFB5BF /* WeatherViewModel.swift */ = {isa = PBXFileReference; lastKnownFileType = sourcecode.swift; path = WeatherViewModel.swift; sourceTree = "<group>"; };
		CD33935D25AA0F6400BFB5BF /* WeatherView.swift */ = {isa = PBXFileReference; lastKnownFileType = sourcecode.swift; path = WeatherView.swift; sourceTree = "<group>"; };
		CD33936525AABF0E00BFB5BF /* Int Ext.swift */ = {isa = PBXFileReference; lastKnownFileType = sourcecode.swift; path = "Int Ext.swift"; sourceTree = "<group>"; };
		CD33937625B043D500BFB5BF /* MainTabBarVC.swift */ = {isa = PBXFileReference; lastKnownFileType = sourcecode.swift; path = MainTabBarVC.swift; sourceTree = "<group>"; };
		CD33937925B13E2100BFB5BF /* JournalVC.swift */ = {isa = PBXFileReference; lastKnownFileType = sourcecode.swift; path = JournalVC.swift; sourceTree = "<group>"; };
		CD49DC3825DA0ECA003C2320 /* Journal.xcdatamodel */ = {isa = PBXFileReference; lastKnownFileType = wrapper.xcdatamodel; path = Journal.xcdatamodel; sourceTree = "<group>"; };
		CD9C225225ED8C0D005AF7C0 /* WeatherWebView.swift */ = {isa = PBXFileReference; lastKnownFileType = sourcecode.swift; path = WeatherWebView.swift; sourceTree = "<group>"; };
		CD9C22A625EF154B005AF7C0 /* Item+CoreDataProperties.swift */ = {isa = PBXFileReference; lastKnownFileType = sourcecode.swift; path = "Item+CoreDataProperties.swift"; sourceTree = "<group>"; };
		CDB7743E25DB478200FCD1C1 /* Item+CoreDataClass.swift */ = {isa = PBXFileReference; lastKnownFileType = sourcecode.swift; path = "Item+CoreDataClass.swift"; sourceTree = SOURCE_ROOT; };
		CDB7744925DC836000FCD1C1 /* Journal.swift */ = {isa = PBXFileReference; lastKnownFileType = sourcecode.swift; path = Journal.swift; sourceTree = "<group>"; };
		CDBD68F725D8A74F001D4C34 /* JournalViewDate.swift */ = {isa = PBXFileReference; lastKnownFileType = sourcecode.swift; path = JournalViewDate.swift; sourceTree = "<group>"; };
		CDBD68FD25D8B495001D4C34 /* JournalViewEntry.swift */ = {isa = PBXFileReference; lastKnownFileType = sourcecode.swift; path = JournalViewEntry.swift; sourceTree = "<group>"; };
		CDF1AA8D25DC936500CFF700 /* JournalCell.swift */ = {isa = PBXFileReference; lastKnownFileType = sourcecode.swift; path = JournalCell.swift; sourceTree = "<group>"; };
/* End PBXFileReference section */

/* Begin PBXFrameworksBuildPhase section */
		CD3392FF25A7FD0A00BFB5BF /* Frameworks */ = {
			isa = PBXFrameworksBuildPhase;
			buildActionMask = 2147483647;
			files = (
			);
			runOnlyForDeploymentPostprocessing = 0;
		};
/* End PBXFrameworksBuildPhase section */

/* Begin PBXGroup section */
		CD3392F925A7FD0A00BFB5BF = {
			isa = PBXGroup;
			children = (
				CD9C22A625EF154B005AF7C0 /* Item+CoreDataProperties.swift */,
				CD33930425A7FD0A00BFB5BF /* StyleOfMe */,
				CD33930325A7FD0A00BFB5BF /* Products */,
			);
			sourceTree = "<group>";
		};
		CD33930325A7FD0A00BFB5BF /* Products */ = {
			isa = PBXGroup;
			children = (
				CD33930225A7FD0A00BFB5BF /* StyleOfMe.app */,
			);
			name = Products;
			sourceTree = "<group>";
		};
		CD33930425A7FD0A00BFB5BF /* StyleOfMe */ = {
			isa = PBXGroup;
			children = (
				CDB7743E25DB478200FCD1C1 /* Item+CoreDataClass.swift */,
				CD33934225A9F73700BFB5BF /* Extensions */,
				CD33933425A9663500BFB5BF /* Views */,
				CD33932925A9574C00BFB5BF /* ViewModels */,
				CD33932825A9574700BFB5BF /* Controllers */,
				CD33932325A9017100BFB5BF /* Network */,
				CD33930525A7FD0A00BFB5BF /* AppDelegate.swift */,
				CD33930725A7FD0A00BFB5BF /* SceneDelegate.swift */,
				CD33931C25A8E8A300BFB5BF /* Models */,
				CD49DC3725DA0ECA003C2320 /* Journal.xcdatamodeld */,
				CD33930B25A7FD0A00BFB5BF /* Main.storyboard */,
				CD33930E25A7FD0F00BFB5BF /* Assets.xcassets */,
				CD33931025A7FD0F00BFB5BF /* LaunchScreen.storyboard */,
				CD33931325A7FD0F00BFB5BF /* Info.plist */,
			);
			path = StyleOfMe;
			sourceTree = "<group>";
		};
		CD33931C25A8E8A300BFB5BF /* Models */ = {
			isa = PBXGroup;
			children = (
				CDB7744825DC833A00FCD1C1 /* Journal */,
				CD33934B25A9FB6700BFB5BF /* Weather */,
				CD33934A25A9FB5600BFB5BF /* News */,
				CD33932025A8E93D00BFB5BF /* NetworkProperties.swift */,
			);
			path = Models;
			sourceTree = "<group>";
		};
		CD33932325A9017100BFB5BF /* Network */ = {
			isa = PBXGroup;
			children = (
				CD33932425A9018500BFB5BF /* NewsNetworkManager.swift */,
				CD33934725A9FB0C00BFB5BF /* WeatherNetworkManager.swift */,
			);
			path = Network;
			sourceTree = "<group>";
		};
		CD33932825A9574700BFB5BF /* Controllers */ = {
			isa = PBXGroup;
			children = (
				CD33930925A7FD0A00BFB5BF /* NewsViewController.swift */,
				CD33935125AA029500BFB5BF /* WeatherVC.swift */,
				CD33937625B043D500BFB5BF /* MainTabBarVC.swift */,
				CD33937925B13E2100BFB5BF /* JournalVC.swift */,
				CD29A5F225DD94300009D6BE /* JournalList.swift */,
			);
			path = Controllers;
			sourceTree = "<group>";
		};
		CD33932925A9574C00BFB5BF /* ViewModels */ = {
			isa = PBXGroup;
			children = (
				CD33932A25A9575A00BFB5BF /* NewsViewModel.swift */,
				CD33932D25A95C0C00BFB5BF /* ArticlesViewModel.swift */,
				CD33935425AA033D00BFB5BF /* WeatherViewModel.swift */,
			);
			path = ViewModels;
			sourceTree = "<group>";
		};
		CD33933425A9663500BFB5BF /* Views */ = {
			isa = PBXGroup;
			children = (
				CDBD68F625D8A732001D4C34 /* JournalView */,
				CD33935C25AA0F4200BFB5BF /* Weather */,
				CD33935B25AA0F2E00BFB5BF /* News */,
			);
			path = Views;
			sourceTree = "<group>";
		};
		CD33934225A9F73700BFB5BF /* Extensions */ = {
			isa = PBXGroup;
			children = (
				CD33934425A9F8B100BFB5BF /* ColorExtension.swift */,
				CD33936525AABF0E00BFB5BF /* Int Ext.swift */,
				CD29A5F525DD9F650009D6BE /* AnchorExt.swift */,
			);
			path = Extensions;
			sourceTree = "<group>";
		};
		CD33934A25A9FB5600BFB5BF /* News */ = {
			isa = PBXGroup;
			children = (
				CD33931D25A8E8B600BFB5BF /* Articles.swift */,
			);
			path = News;
			sourceTree = "<group>";
		};
		CD33934B25A9FB6700BFB5BF /* Weather */ = {
			isa = PBXGroup;
			children = (
				CD33934C25A9FB7600BFB5BF /* WeatherModel.swift */,
			);
			path = Weather;
			sourceTree = "<group>";
		};
		CD33935B25AA0F2E00BFB5BF /* News */ = {
			isa = PBXGroup;
			children = (
				CD33933525A9665100BFB5BF /* ShadowImageView.swift */,
				CD33933925A97CA000BFB5BF /* HeaderView.swift */,
				CD33933C25A9844200BFB5BF /* NewsTableViewCell.swift */,
			);
			path = News;
			sourceTree = "<group>";
		};
		CD33935C25AA0F4200BFB5BF /* Weather */ = {
			isa = PBXGroup;
			children = (
				CD33935D25AA0F6400BFB5BF /* WeatherView.swift */,
				CD9C225225ED8C0D005AF7C0 /* WeatherWebView.swift */,
			);
			path = Weather;
			sourceTree = "<group>";
		};
		CDB7744825DC833A00FCD1C1 /* Journal */ = {
			isa = PBXGroup;
			children = (
				CDB7744925DC836000FCD1C1 /* Journal.swift */,
			);
			path = Journal;
			sourceTree = "<group>";
		};
		CDBD68F625D8A732001D4C34 /* JournalView */ = {
			isa = PBXGroup;
			children = (
				CDBD68F725D8A74F001D4C34 /* JournalViewDate.swift */,
				CDBD68FD25D8B495001D4C34 /* JournalViewEntry.swift */,
				CDF1AA8D25DC936500CFF700 /* JournalCell.swift */,
			);
			path = JournalView;
			sourceTree = "<group>";
		};
/* End PBXGroup section */

/* Begin PBXNativeTarget section */
		CD33930125A7FD0A00BFB5BF /* StyleOfMe */ = {
			isa = PBXNativeTarget;
			buildConfigurationList = CD33931625A7FD0F00BFB5BF /* Build configuration list for PBXNativeTarget "StyleOfMe" */;
			buildPhases = (
				CD3392FE25A7FD0A00BFB5BF /* Sources */,
				CD3392FF25A7FD0A00BFB5BF /* Frameworks */,
				CD33930025A7FD0A00BFB5BF /* Resources */,
			);
			buildRules = (
			);
			dependencies = (
			);
			name = StyleOfMe;
			productName = StyleOfMe;
			productReference = CD33930225A7FD0A00BFB5BF /* StyleOfMe.app */;
			productType = "com.apple.product-type.application";
		};
/* End PBXNativeTarget section */

/* Begin PBXProject section */
		CD3392FA25A7FD0A00BFB5BF /* Project object */ = {
			isa = PBXProject;
			attributes = {
				LastSwiftUpdateCheck = 1230;
				LastUpgradeCheck = 1230;
				TargetAttributes = {
					CD33930125A7FD0A00BFB5BF = {
						CreatedOnToolsVersion = 12.3;
					};
				};
			};
			buildConfigurationList = CD3392FD25A7FD0A00BFB5BF /* Build configuration list for PBXProject "StyleOfMe" */;
			compatibilityVersion = "Xcode 9.3";
			developmentRegion = en;
			hasScannedForEncodings = 0;
			knownRegions = (
				en,
				Base,
			);
			mainGroup = CD3392F925A7FD0A00BFB5BF;
			productRefGroup = CD33930325A7FD0A00BFB5BF /* Products */;
			projectDirPath = "";
			projectRoot = "";
			targets = (
				CD33930125A7FD0A00BFB5BF /* StyleOfMe */,
			);
		};
/* End PBXProject section */

/* Begin PBXResourcesBuildPhase section */
		CD33930025A7FD0A00BFB5BF /* Resources */ = {
			isa = PBXResourcesBuildPhase;
			buildActionMask = 2147483647;
			files = (
				CD33931225A7FD0F00BFB5BF /* LaunchScreen.storyboard in Resources */,
				CD33930F25A7FD0F00BFB5BF /* Assets.xcassets in Resources */,
				CD33930D25A7FD0A00BFB5BF /* Main.storyboard in Resources */,
			);
			runOnlyForDeploymentPostprocessing = 0;
		};
/* End PBXResourcesBuildPhase section */

/* Begin PBXSourcesBuildPhase section */
		CD3392FE25A7FD0A00BFB5BF /* Sources */ = {
			isa = PBXSourcesBuildPhase;
			buildActionMask = 2147483647;
			files = (
				CD33930A25A7FD0A00BFB5BF /* NewsViewController.swift in Sources */,
				CDBD68FE25D8B495001D4C34 /* JournalViewEntry.swift in Sources */,
				CDB7744A25DC836000FCD1C1 /* Journal.swift in Sources */,
				CD33933D25A9844200BFB5BF /* NewsTableViewCell.swift in Sources */,
				CD33930625A7FD0A00BFB5BF /* AppDelegate.swift in Sources */,
				CD33934825A9FB0C00BFB5BF /* WeatherNetworkManager.swift in Sources */,
				CD33935225AA029500BFB5BF /* WeatherVC.swift in Sources */,
				CDBD68F825D8A750001D4C34 /* JournalViewDate.swift in Sources */,
				CD9C22A725EF154B005AF7C0 /* Item+CoreDataProperties.swift in Sources */,
				CD33934525A9F8B100BFB5BF /* ColorExtension.swift in Sources */,
				CD29A5F625DD9F650009D6BE /* AnchorExt.swift in Sources */,
				CDF1AA8E25DC936500CFF700 /* JournalCell.swift in Sources */,
				CD33932125A8E93D00BFB5BF /* NetworkProperties.swift in Sources */,
				CD33933625A9665100BFB5BF /* ShadowImageView.swift in Sources */,
				CD33932525A9018500BFB5BF /* NewsNetworkManager.swift in Sources */,
				CD33933A25A97CA000BFB5BF /* HeaderView.swift in Sources */,
				CD33932B25A9575B00BFB5BF /* NewsViewModel.swift in Sources */,
				CD29A5F325DD94300009D6BE /* JournalList.swift in Sources */,
				CD33934D25A9FB7600BFB5BF /* WeatherModel.swift in Sources */,
				CD49DC3925DA0ECA003C2320 /* Journal.xcdatamodeld in Sources */,
				CD33932E25A95C0C00BFB5BF /* ArticlesViewModel.swift in Sources */,
				CD33935525AA033D00BFB5BF /* WeatherViewModel.swift in Sources */,
				CD9C225325ED8C0D005AF7C0 /* WeatherWebView.swift in Sources */,
				CD33935E25AA0F6400BFB5BF /* WeatherView.swift in Sources */,
				CD33936625AABF0E00BFB5BF /* Int Ext.swift in Sources */,
				CDB7744025DB478200FCD1C1 /* Item+CoreDataClass.swift in Sources */,
				CD33931E25A8E8B700BFB5BF /* Articles.swift in Sources */,
				CD33937725B043D500BFB5BF /* MainTabBarVC.swift in Sources */,
				CD33937A25B13E2100BFB5BF /* JournalVC.swift in Sources */,
				CD33930825A7FD0A00BFB5BF /* SceneDelegate.swift in Sources */,
			);
			runOnlyForDeploymentPostprocessing = 0;
		};
/* End PBXSourcesBuildPhase section */

/* Begin PBXVariantGroup section */
		CD33930B25A7FD0A00BFB5BF /* Main.storyboard */ = {
			isa = PBXVariantGroup;
			children = (
				CD33930C25A7FD0A00BFB5BF /* Base */,
			);
			name = Main.storyboard;
			sourceTree = "<group>";
		};
		CD33931025A7FD0F00BFB5BF /* LaunchScreen.storyboard */ = {
			isa = PBXVariantGroup;
			children = (
				CD33931125A7FD0F00BFB5BF /* Base */,
			);
			name = LaunchScreen.storyboard;
			sourceTree = "<group>";
		};
/* End PBXVariantGroup section */

/* Begin XCBuildConfiguration section */
		CD33931425A7FD0F00BFB5BF /* Debug */ = {
			isa = XCBuildConfiguration;
			buildSettings = {
				ALWAYS_SEARCH_USER_PATHS = NO;
				CLANG_ANALYZER_NONNULL = YES;
				CLANG_ANALYZER_NUMBER_OBJECT_CONVERSION = YES_AGGRESSIVE;
				CLANG_CXX_LANGUAGE_STANDARD = "gnu++14";
				CLANG_CXX_LIBRARY = "libc++";
				CLANG_ENABLE_MODULES = YES;
				CLANG_ENABLE_OBJC_ARC = YES;
				CLANG_ENABLE_OBJC_WEAK = YES;
				CLANG_WARN_BLOCK_CAPTURE_AUTORELEASING = YES;
				CLANG_WARN_BOOL_CONVERSION = YES;
				CLANG_WARN_COMMA = YES;
				CLANG_WARN_CONSTANT_CONVERSION = YES;
				CLANG_WARN_DEPRECATED_OBJC_IMPLEMENTATIONS = YES;
				CLANG_WARN_DIRECT_OBJC_ISA_USAGE = YES_ERROR;
				CLANG_WARN_DOCUMENTATION_COMMENTS = YES;
				CLANG_WARN_EMPTY_BODY = YES;
				CLANG_WARN_ENUM_CONVERSION = YES;
				CLANG_WARN_INFINITE_RECURSION = YES;
				CLANG_WARN_INT_CONVERSION = YES;
				CLANG_WARN_NON_LITERAL_NULL_CONVERSION = YES;
				CLANG_WARN_OBJC_IMPLICIT_RETAIN_SELF = YES;
				CLANG_WARN_OBJC_LITERAL_CONVERSION = YES;
				CLANG_WARN_OBJC_ROOT_CLASS = YES_ERROR;
				CLANG_WARN_QUOTED_INCLUDE_IN_FRAMEWORK_HEADER = YES;
				CLANG_WARN_RANGE_LOOP_ANALYSIS = YES;
				CLANG_WARN_STRICT_PROTOTYPES = YES;
				CLANG_WARN_SUSPICIOUS_MOVE = YES;
				CLANG_WARN_UNGUARDED_AVAILABILITY = YES_AGGRESSIVE;
				CLANG_WARN_UNREACHABLE_CODE = YES;
				CLANG_WARN__DUPLICATE_METHOD_MATCH = YES;
				COPY_PHASE_STRIP = NO;
				DEBUG_INFORMATION_FORMAT = dwarf;
				ENABLE_STRICT_OBJC_MSGSEND = YES;
				ENABLE_TESTABILITY = YES;
				GCC_C_LANGUAGE_STANDARD = gnu11;
				GCC_DYNAMIC_NO_PIC = NO;
				GCC_NO_COMMON_BLOCKS = YES;
				GCC_OPTIMIZATION_LEVEL = 0;
				GCC_PREPROCESSOR_DEFINITIONS = (
					"DEBUG=1",
					"$(inherited)",
				);
				GCC_WARN_64_TO_32_BIT_CONVERSION = YES;
				GCC_WARN_ABOUT_RETURN_TYPE = YES_ERROR;
				GCC_WARN_UNDECLARED_SELECTOR = YES;
				GCC_WARN_UNINITIALIZED_AUTOS = YES_AGGRESSIVE;
				GCC_WARN_UNUSED_FUNCTION = YES;
				GCC_WARN_UNUSED_VARIABLE = YES;
				IPHONEOS_DEPLOYMENT_TARGET = 14.3;
				MTL_ENABLE_DEBUG_INFO = INCLUDE_SOURCE;
				MTL_FAST_MATH = YES;
				ONLY_ACTIVE_ARCH = YES;
				SDKROOT = iphoneos;
				SWIFT_ACTIVE_COMPILATION_CONDITIONS = DEBUG;
				SWIFT_OPTIMIZATION_LEVEL = "-Onone";
			};
			name = Debug;
		};
		CD33931525A7FD0F00BFB5BF /* Release */ = {
			isa = XCBuildConfiguration;
			buildSettings = {
				ALWAYS_SEARCH_USER_PATHS = NO;
				CLANG_ANALYZER_NONNULL = YES;
				CLANG_ANALYZER_NUMBER_OBJECT_CONVERSION = YES_AGGRESSIVE;
				CLANG_CXX_LANGUAGE_STANDARD = "gnu++14";
				CLANG_CXX_LIBRARY = "libc++";
				CLANG_ENABLE_MODULES = YES;
				CLANG_ENABLE_OBJC_ARC = YES;
				CLANG_ENABLE_OBJC_WEAK = YES;
				CLANG_WARN_BLOCK_CAPTURE_AUTORELEASING = YES;
				CLANG_WARN_BOOL_CONVERSION = YES;
				CLANG_WARN_COMMA = YES;
				CLANG_WARN_CONSTANT_CONVERSION = YES;
				CLANG_WARN_DEPRECATED_OBJC_IMPLEMENTATIONS = YES;
				CLANG_WARN_DIRECT_OBJC_ISA_USAGE = YES_ERROR;
				CLANG_WARN_DOCUMENTATION_COMMENTS = YES;
				CLANG_WARN_EMPTY_BODY = YES;
				CLANG_WARN_ENUM_CONVERSION = YES;
				CLANG_WARN_INFINITE_RECURSION = YES;
				CLANG_WARN_INT_CONVERSION = YES;
				CLANG_WARN_NON_LITERAL_NULL_CONVERSION = YES;
				CLANG_WARN_OBJC_IMPLICIT_RETAIN_SELF = YES;
				CLANG_WARN_OBJC_LITERAL_CONVERSION = YES;
				CLANG_WARN_OBJC_ROOT_CLASS = YES_ERROR;
				CLANG_WARN_QUOTED_INCLUDE_IN_FRAMEWORK_HEADER = YES;
				CLANG_WARN_RANGE_LOOP_ANALYSIS = YES;
				CLANG_WARN_STRICT_PROTOTYPES = YES;
				CLANG_WARN_SUSPICIOUS_MOVE = YES;
				CLANG_WARN_UNGUARDED_AVAILABILITY = YES_AGGRESSIVE;
				CLANG_WARN_UNREACHABLE_CODE = YES;
				CLANG_WARN__DUPLICATE_METHOD_MATCH = YES;
				COPY_PHASE_STRIP = NO;
				DEBUG_INFORMATION_FORMAT = "dwarf-with-dsym";
				ENABLE_NS_ASSERTIONS = NO;
				ENABLE_STRICT_OBJC_MSGSEND = YES;
				GCC_C_LANGUAGE_STANDARD = gnu11;
				GCC_NO_COMMON_BLOCKS = YES;
				GCC_WARN_64_TO_32_BIT_CONVERSION = YES;
				GCC_WARN_ABOUT_RETURN_TYPE = YES_ERROR;
				GCC_WARN_UNDECLARED_SELECTOR = YES;
				GCC_WARN_UNINITIALIZED_AUTOS = YES_AGGRESSIVE;
				GCC_WARN_UNUSED_FUNCTION = YES;
				GCC_WARN_UNUSED_VARIABLE = YES;
				IPHONEOS_DEPLOYMENT_TARGET = 14.3;
				MTL_ENABLE_DEBUG_INFO = NO;
				MTL_FAST_MATH = YES;
				SDKROOT = iphoneos;
				SWIFT_COMPILATION_MODE = wholemodule;
				SWIFT_OPTIMIZATION_LEVEL = "-O";
				VALIDATE_PRODUCT = YES;
			};
			name = Release;
		};
		CD33931725A7FD0F00BFB5BF /* Debug */ = {
			isa = XCBuildConfiguration;
			buildSettings = {
				ASSETCATALOG_COMPILER_APPICON_NAME = AppIcon;
				ASSETCATALOG_COMPILER_GLOBAL_ACCENT_COLOR_NAME = AccentColor;
				CODE_SIGN_STYLE = Automatic;
				DEVELOPMENT_TEAM = P2956JDDUT;
				INFOPLIST_FILE = StyleOfMe/Info.plist;
				LD_RUNPATH_SEARCH_PATHS = (
					"$(inherited)",
					"@executable_path/Frameworks",
				);
				PRODUCT_BUNDLE_IDENTIFIER = com.phraxaya.StyleOfMe;
				PRODUCT_NAME = "$(TARGET_NAME)";
				SWIFT_VERSION = 5.0;
				TARGETED_DEVICE_FAMILY = "1,2";
			};
			name = Debug;
		};
		CD33931825A7FD0F00BFB5BF /* Release */ = {
			isa = XCBuildConfiguration;
			buildSettings = {
				ASSETCATALOG_COMPILER_APPICON_NAME = AppIcon;
				ASSETCATALOG_COMPILER_GLOBAL_ACCENT_COLOR_NAME = AccentColor;
				CODE_SIGN_STYLE = Automatic;
				DEVELOPMENT_TEAM = P2956JDDUT;
				INFOPLIST_FILE = StyleOfMe/Info.plist;
				LD_RUNPATH_SEARCH_PATHS = (
					"$(inherited)",
					"@executable_path/Frameworks",
				);
				PRODUCT_BUNDLE_IDENTIFIER = com.phraxaya.StyleOfMe;
				PRODUCT_NAME = "$(TARGET_NAME)";
				SWIFT_VERSION = 5.0;
				TARGETED_DEVICE_FAMILY = "1,2";
			};
			name = Release;
		};
/* End XCBuildConfiguration section */

/* Begin XCConfigurationList section */
		CD3392FD25A7FD0A00BFB5BF /* Build configuration list for PBXProject "StyleOfMe" */ = {
			isa = XCConfigurationList;
			buildConfigurations = (
				CD33931425A7FD0F00BFB5BF /* Debug */,
				CD33931525A7FD0F00BFB5BF /* Release */,
			);
			defaultConfigurationIsVisible = 0;
			defaultConfigurationName = Release;
		};
		CD33931625A7FD0F00BFB5BF /* Build configuration list for PBXNativeTarget "StyleOfMe" */ = {
			isa = XCConfigurationList;
			buildConfigurations = (
				CD33931725A7FD0F00BFB5BF /* Debug */,
				CD33931825A7FD0F00BFB5BF /* Release */,
			);
			defaultConfigurationIsVisible = 0;
			defaultConfigurationName = Release;
		};
/* End XCConfigurationList section */

/* Begin XCVersionGroup section */
		CD49DC3725DA0ECA003C2320 /* Journal.xcdatamodeld */ = {
			isa = XCVersionGroup;
			children = (
				CD49DC3825DA0ECA003C2320 /* Journal.xcdatamodel */,
			);
			currentVersion = CD49DC3825DA0ECA003C2320 /* Journal.xcdatamodel */;
			path = Journal.xcdatamodeld;
			sourceTree = "<group>";
			versionGroupType = wrapper.xcdatamodel;
		};
/* End XCVersionGroup section */
	};
	rootObject = CD3392FA25A7FD0A00BFB5BF /* Project object */;
}
